{
  "name": "todoapp",
  "version": "1.0.0",
  "lockfileVersion": 2,
  "requires": true,
  "packages": {
    "": {
      "name": "todoapp",
      "version": "1.0.0",
      "license": "ISC",
      "dependencies": {
        "@odoo/owl": "^1.4.10"
      }
    },
    "node_modules/@odoo/owl": {
      "version": "1.4.10",
      "resolved": "https://registry.npmjs.org/@odoo/owl/-/owl-1.4.10.tgz",
      "integrity": "sha512-SUovkbg4WFTPuPn73xpgOQwS5MGZGC8p/Kkr29BaD9/p47KLA/tbASqWDL5BpnwPCDZh3+u/MqkO9LYJBaeFxw==",
      "engines": {
        "node": ">=12.18.3"
      }
    }
  },
  "dependencies": {
    "@odoo/owl": {
      "version": "1.4.10",
      "resolved": "https://registry.npmjs.org/@odoo/owl/-/owl-1.4.10.tgz",
      "integrity": "sha512-SUovkbg4WFTPuPn73xpgOQwS5MGZGC8p/Kkr29BaD9/p47KLA/tbASqWDL5BpnwPCDZh3+u/MqkO9LYJBaeFxw=="
    }
  }
}
